
Microsoft Visual Studio Solution File, Format Version 12.00
# Visual Studio 15
VisualStudioVersion = 15.0.28307.106
MinimumVisualStudioVersion = 10.0.40219.1
Project("{FAE04EC0-301F-11D3-BF4B-00C04F79EFBC}") = "MvcProjeKampi", "MvcProjeKampi\MvcProjeKampi.csproj", "{EEDDDFA6-215F-4690-9476-EC06174F5EBA}"
EndProject
Project("{FAE04EC0-301F-11D3-BF4B-00C04F79EFBC}") = "EntityLayer", "EntityLayer\EntityLayer.csproj", "{EE6F0C13-F163-44C7-AABB-2593107B84D3}"
EndProject
Project("{FAE04EC0-301F-11D3-BF4B-00C04F79EFBC}") = "DataAccessLayer", "DataAccessLayer\DataAccessLayer.csproj", "{100A6663-EFFB-46A6-A099-083001D3A73A}"
EndProject
Project("{FAE04EC0-301F-11D3-BF4B-00C04F79EFBC}") = "BusinessLayer", "BusinessLayer\BusinessLayer.csproj", "{B6AB83CC-57EA-4DC6-9C33-974CC0ED884C}"
EndProject
Global
	GlobalSection(SolutionConfigurationPlatforms) = preSolution
		Debug|Any CPU = Debug|Any CPU
		Release|Any CPU = Release|Any CPU
	EndGlobalSection
	GlobalSection(ProjectConfigurationPlatforms) = postSolution
		{EEDDDFA6-215F-4690-9476-EC06174F5EBA}.Debug|Any CPU.ActiveCfg = Debug|Any CPU
		{EEDDDFA6-215F-4690-9476-EC06174F5EBA}.Debug|Any CPU.Build.0 = Debug|Any CPU
		{EEDDDFA6-215F-4690-9476-EC06174F5EBA}.Release|Any CPU.ActiveCfg = Release|Any CPU
		{EEDDDFA6-215F-4690-9476-EC06174F5EBA}.Release|Any CPU.Build.0 = Release|Any CPU
		{EE6F0C13-F163-44C7-AABB-2593107B84D3}.Debug|Any CPU.ActiveCfg = Debug|Any CPU
		{EE6F0C13-F163-44C7-AABB-2593107B84D3}.Debug|Any CPU.Build.0 = Debug|Any CPU
		{EE6F0C13-F163-44C7-AABB-2593107B84D3}.Release|Any CPU.ActiveCfg = Release|Any CPU
		{EE6F0C13-F163-44C7-AABB-2593107B84D3}.Release|Any CPU.Build.0 = Release|Any CPU
		{100A6663-EFFB-46A6-A099-083001D3A73A}.Debug|Any CPU.ActiveCfg = Debug|Any CPU
		{100A6663-EFFB-46A6-A099-083001D3A73A}.Debug|Any CPU.Build.0 = Debug|Any CPU
		{100A6663-EFFB-46A6-A099-083001D3A73A}.Release|Any CPU.ActiveCfg = Release|Any CPU
		{100A6663-EFFB-46A6-A099-083001D3A73A}.Release|Any CPU.Build.0 = Release|Any CPU
		{B6AB83CC-57EA-4DC6-9C33-974CC0ED884C}.Debug|Any CPU.ActiveCfg = Debug|Any CPU
		{B6AB83CC-57EA-4DC6-9C33-974CC0ED884C}.Debug|Any CPU.Build.0 = Debug|Any CPU
		{B6AB83CC-57EA-4DC6-9C33-974CC0ED884C}.Release|Any CPU.ActiveCfg = Release|Any CPU
		{B6AB83CC-57EA-4DC6-9C33-974CC0ED884C}.Release|Any CPU.Build.0 = Release|Any CPU
	EndGlobalSection
	GlobalSection(SolutionProperties) = preSolution
		HideSolutionNode = FALSE
	EndGlobalSection
	GlobalSection(ExtensibilityGlobals) = postSolution
		SolutionGuid = {65CA1B98-D7BB-43DB-BFB6-EC0B70944ED7}
	EndGlobalSection
EndGlobal
